// !$*UTF8*$!
{
	archiveVersion = 1;
	classes = {
	};
	objectVersion = 56;
	objects = {

/* Begin PBXBuildFile section */
		F297B5172C8246F500A3D4D5 /* Pong_AppApp.swift in Sources */ = {isa = PBXBuildFile; fileRef = F297B5162C8246F500A3D4D5 /* Pong_AppApp.swift */; };
		F297B5192C8246F500A3D4D5 /* ContentView.swift in Sources */ = {isa = PBXBuildFile; fileRef = F297B5182C8246F500A3D4D5 /* ContentView.swift */; };
		F297B51B2C8246F700A3D4D5 /* Assets.xcassets in Resources */ = {isa = PBXBuildFile; fileRef = F297B51A2C8246F700A3D4D5 /* Assets.xcassets */; };
		F297B51E2C8246F700A3D4D5 /* Preview Assets.xcassets in Resources */ = {isa = PBXBuildFile; fileRef = F297B51D2C8246F700A3D4D5 /* Preview Assets.xcassets */; };
		F297B5282C8246F700A3D4D5 /* Pong_AppTests.swift in Sources */ = {isa = PBXBuildFile; fileRef = F297B5272C8246F700A3D4D5 /* Pong_AppTests.swift */; };
		F297B5322C8246F700A3D4D5 /* Pong_AppUITests.swift in Sources */ = {isa = PBXBuildFile; fileRef = F297B5312C8246F700A3D4D5 /* Pong_AppUITests.swift */; };
		F297B5342C8246F700A3D4D5 /* Pong_AppUITestsLaunchTests.swift in Sources */ = {isa = PBXBuildFile; fileRef = F297B5332C8246F700A3D4D5 /* Pong_AppUITestsLaunchTests.swift */; };
/* End PBXBuildFile section */

/* Begin PBXContainerItemProxy section */
		F297B5242C8246F700A3D4D5 /* PBXContainerItemProxy */ = {
			isa = PBXContainerItemProxy;
			containerPortal = F297B50B2C8246F500A3D4D5 /* Project object */;
			proxyType = 1;
			remoteGlobalIDString = F297B5122C8246F500A3D4D5;
			remoteInfo = "Pong App";
		};
		F297B52E2C8246F700A3D4D5 /* PBXContainerItemProxy */ = {
			isa = PBXContainerItemProxy;
			containerPortal = F297B50B2C8246F500A3D4D5 /* Project object */;
			proxyType = 1;
			remoteGlobalIDString = F297B5122C8246F500A3D4D5;
			remoteInfo = "Pong App";
		};
/* End PBXContainerItemProxy section */

/* Begin PBXFileReference section */
		F297B5132C8246F500A3D4D5 /* Pong App.app */ = {isa = PBXFileReference; explicitFileType = wrapper.application; includeInIndex = 0; path = "Pong App.app"; sourceTree = BUILT_PRODUCTS_DIR; };
		F297B5162C8246F500A3D4D5 /* Pong_AppApp.swift */ = {isa = PBXFileReference; lastKnownFileType = sourcecode.swift; path = Pong_AppApp.swift; sourceTree = "<group>"; };
		F297B5182C8246F500A3D4D5 /* ContentView.swift */ = {isa = PBXFileReference; lastKnownFileType = sourcecode.swift; path = ContentView.swift; sourceTree = "<group>"; };
		F297B51A2C8246F700A3D4D5 /* Assets.xcassets */ = {isa = PBXFileReference; lastKnownFileType = folder.assetcatalog; path = Assets.xcassets; sourceTree = "<group>"; };
		F297B51D2C8246F700A3D4D5 /* Preview Assets.xcassets */ = {isa = PBXFileReference; lastKnownFileType = folder.assetcatalog; path = "Preview Assets.xcassets"; sourceTree = "<group>"; };
		F297B5232C8246F700A3D4D5 /* Pong AppTests.xctest */ = {isa = PBXFileReference; explicitFileType = wrapper.cfbundle; includeInIndex = 0; path = "Pong AppTests.xctest"; sourceTree = BUILT_PRODUCTS_DIR; };
		F297B5272C8246F700A3D4D5 /* Pong_AppTests.swift */ = {isa = PBXFileReference; lastKnownFileType = sourcecode.swift; path = Pong_AppTests.swift; sourceTree = "<group>"; };
		F297B52D2C8246F700A3D4D5 /* Pong AppUITests.xctest */ = {isa = PBXFileReference; explicitFileType = wrapper.cfbundle; includeInIndex = 0; path = "Pong AppUITests.xctest"; sourceTree = BUILT_PRODUCTS_DIR; };
		F297B5312C8246F700A3D4D5 /* Pong_AppUITests.swift */ = {isa = PBXFileReference; lastKnownFileType = sourcecode.swift; path = Pong_AppUITests.swift; sourceTree = "<group>"; };
		F297B5332C8246F700A3D4D5 /* Pong_AppUITestsLaunchTests.swift */ = {isa = PBXFileReference; lastKnownFileType = sourcecode.swift; path = Pong_AppUITestsLaunchTests.swift; sourceTree = "<group>"; };
/* End PBXFileReference section */

/* Begin PBXFrameworksBuildPhase section */
		F297B5102C8246F500A3D4D5 /* Frameworks */ = {
			isa = PBXFrameworksBuildPhase;
			buildActionMask = 2147483647;
			files = (
			);
			runOnlyForDeploymentPostprocessing = 0;
		};
		F297B5202C8246F700A3D4D5 /* Frameworks */ = {
			isa = PBXFrameworksBuildPhase;
			buildActionMask = 2147483647;
			files = (
			);
			runOnlyForDeploymentPostprocessing = 0;
		};
		F297B52A2C8246F700A3D4D5 /* Frameworks */ = {
			isa = PBXFrameworksBuildPhase;
			buildActionMask = 2147483647;
			files = (
			);
			runOnlyForDeploymentPostprocessing = 0;
		};
/* End PBXFrameworksBuildPhase section */

/* Begin PBXGroup section */
		F297B50A2C8246F500A3D4D5 = {
			isa = PBXGroup;
			children = (
				F297B5152C8246F500A3D4D5 /* Pong App */,
				F297B5262C8246F700A3D4D5 /* Pong AppTests */,
				F297B5302C8246F700A3D4D5 /* Pong AppUITests */,
				F297B5142C8246F500A3D4D5 /* Products */,
			);
			sourceTree = "<group>";
		};
		F297B5142C8246F500A3D4D5 /* Products */ = {
			isa = PBXGroup;
			children = (
				F297B5132C8246F500A3D4D5 /* Pong App.app */,
				F297B5232C8246F700A3D4D5 /* Pong AppTests.xctest */,
				F297B52D2C8246F700A3D4D5 /* Pong AppUITests.xctest */,
			);
			name = Products;
			sourceTree = "<group>";
		};
		F297B5152C8246F500A3D4D5 /* Pong App */ = {
			isa = PBXGroup;
			children = (
				F297B5162C8246F500A3D4D5 /* Pong_AppApp.swift */,
				F297B5182C8246F500A3D4D5 /* ContentView.swift */,
				F297B51A2C8246F700A3D4D5 /* Assets.xcassets */,
				F297B51C2C8246F700A3D4D5 /* Preview Content */,
			);
			path = "Pong App";
			sourceTree = "<group>";
		};
		F297B51C2C8246F700A3D4D5 /* Preview Content */ = {
			isa = PBXGroup;
			children = (
				F297B51D2C8246F700A3D4D5 /* Preview Assets.xcassets */,
			);
			path = "Preview Content";
			sourceTree = "<group>";
		};
		F297B5262C8246F700A3D4D5 /* Pong AppTests */ = {
			isa = PBXGroup;
			children = (
				F297B5272C8246F700A3D4D5 /* Pong_AppTests.swift */,
			);
			path = "Pong AppTests";
			sourceTree = "<group>";
		};
		F297B5302C8246F700A3D4D5 /* Pong AppUITests */ = {
			isa = PBXGroup;
			children = (
				F297B5312C8246F700A3D4D5 /* Pong_AppUITests.swift */,
				F297B5332C8246F700A3D4D5 /* Pong_AppUITestsLaunchTests.swift */,
			);
			path = "Pong AppUITests";
			sourceTree = "<group>";
		};
/* End PBXGroup section */

/* Begin PBXNativeTarget section */
		F297B5122C8246F500A3D4D5 /* Pong App */ = {
			isa = PBXNativeTarget;
			buildConfigurationList = F297B5372C8246F700A3D4D5 /* Build configuration list for PBXNativeTarget "Pong App" */;
			buildPhases = (
				F297B50F2C8246F500A3D4D5 /* Sources */,
				F297B5102C8246F500A3D4D5 /* Frameworks */,
				F297B5112C8246F500A3D4D5 /* Resources */,
			);
			buildRules = (
			);
			dependencies = (
			);
			name = "Pong App";
			productName = "Pong App";
			productReference = F297B5132C8246F500A3D4D5 /* Pong App.app */;
			productType = "com.apple.product-type.application";
		};
		F297B5222C8246F700A3D4D5 /* Pong AppTests */ = {
			isa = PBXNativeTarget;
			buildConfigurationList = F297B53A2C8246F700A3D4D5 /* Build configuration list for PBXNativeTarget "Pong AppTests" */;
			buildPhases = (
				F297B51F2C8246F700A3D4D5 /* Sources */,
				F297B5202C8246F700A3D4D5 /* Frameworks */,
				F297B5212C8246F700A3D4D5 /* Resources */,
			);
			buildRules = (
			);
			dependencies = (
				F297B5252C8246F700A3D4D5 /* PBXTargetDependency */,
			);
			name = "Pong AppTests";
			productName = "Pong AppTests";
			productReference = F297B5232C8246F700A3D4D5 /* Pong AppTests.xctest */;
			productType = "com.apple.product-type.bundle.unit-test";
		};
		F297B52C2C8246F700A3D4D5 /* Pong AppUITests */ = {
			isa = PBXNativeTarget;
			buildConfigurationList = F297B53D2C8246F700A3D4D5 /* Build configuration list for PBXNativeTarget "Pong AppUITests" */;
			buildPhases = (
				F297B5292C8246F700A3D4D5 /* Sources */,
				F297B52A2C8246F700A3D4D5 /* Frameworks */,
				F297B52B2C8246F700A3D4D5 /* Resources */,
			);
			buildRules = (
			);
			dependencies = (
				F297B52F2C8246F700A3D4D5 /* PBXTargetDependency */,
			);
			name = "Pong AppUITests";
			productName = "Pong AppUITests";
			productReference = F297B52D2C8246F700A3D4D5 /* Pong AppUITests.xctest */;
			productType = "com.apple.product-type.bundle.ui-testing";
		};
/* End PBXNativeTarget section */

/* Begin PBXProject section */
		F297B50B2C8246F500A3D4D5 /* Project object */ = {
			isa = PBXProject;
			attributes = {
				BuildIndependentTargetsInParallel = 1;
				LastSwiftUpdateCheck = 1540;
				LastUpgradeCheck = 1540;
				TargetAttributes = {
					F297B5122C8246F500A3D4D5 = {
						CreatedOnToolsVersion = 15.4;
					};
					F297B5222C8246F700A3D4D5 = {
						CreatedOnToolsVersion = 15.4;
						TestTargetID = F297B5122C8246F500A3D4D5;
					};
					F297B52C2C8246F700A3D4D5 = {
						CreatedOnToolsVersion = 15.4;
						TestTargetID = F297B5122C8246F500A3D4D5;
					};
				};
			};
			buildConfigurationList = F297B50E2C8246F500A3D4D5 /* Build configuration list for PBXProject "Pong App" */;
			compatibilityVersion = "Xcode 14.0";
			developmentRegion = en;
			hasScannedForEncodings = 0;
			knownRegions = (
				en,
				Base,
			);
			mainGroup = F297B50A2C8246F500A3D4D5;
			productRefGroup = F297B5142C8246F500A3D4D5 /* Products */;
			projectDirPath = "";
			projectRoot = "";
			targets = (
				F297B5122C8246F500A3D4D5 /* Pong App */,
				F297B5222C8246F700A3D4D5 /* Pong AppTests */,
				F297B52C2C8246F700A3D4D5 /* Pong AppUITests */,
			);
		};
/* End PBXProject section */

/* Begin PBXResourcesBuildPhase section */
		F297B5112C8246F500A3D4D5 /* Resources */ = {
			isa = PBXResourcesBuildPhase;
			buildActionMask = 2147483647;
			files = (
				F297B51E2C8246F700A3D4D5 /* Preview Assets.xcassets in Resources */,
				F297B51B2C8246F700A3D4D5 /* Assets.xcassets in Resources */,
			);
			runOnlyForDeploymentPostprocessing = 0;
		};
		F297B5212C8246F700A3D4D5 /* Resources */ = {
			isa = PBXResourcesBuildPhase;
			buildActionMask = 2147483647;
			files = (
			);
			runOnlyForDeploymentPostprocessing = 0;
		};
		F297B52B2C8246F700A3D4D5 /* Resources */ = {
			isa = PBXResourcesBuildPhase;
			buildActionMask = 2147483647;
			files = (
			);
			runOnlyForDeploymentPostprocessing = 0;
		};
/* End PBXResourcesBuildPhase section */

/* Begin PBXSourcesBuildPhase section */
		F297B50F2C8246F500A3D4D5 /* Sources */ = {
			isa = PBXSourcesBuildPhase;
			buildActionMask = 2147483647;
			files = (
				F297B5192C8246F500A3D4D5 /* ContentView.swift in Sources */,
				F297B5172C8246F500A3D4D5 /* Pong_AppApp.swift in Sources */,
			);
			runOnlyForDeploymentPostprocessing = 0;
		};
		F297B51F2C8246F700A3D4D5 /* Sources */ = {
			isa = PBXSourcesBuildPhase;
			buildActionMask = 2147483647;
			files = (
				F297B5282C8246F700A3D4D5 /* Pong_AppTests.swift in Sources */,
			);
			runOnlyForDeploymentPostprocessing = 0;
		};
		F297B5292C8246F700A3D4D5 /* Sources */ = {
			isa = PBXSourcesBuildPhase;
			buildActionMask = 2147483647;
			files = (
				F297B5342C8246F700A3D4D5 /* Pong_AppUITestsLaunchTests.swift in Sources */,
				F297B5322C8246F700A3D4D5 /* Pong_AppUITests.swift in Sources */,
			);
			runOnlyForDeploymentPostprocessing = 0;
		};
/* End PBXSourcesBuildPhase section */

/* Begin PBXTargetDependency section */
		F297B5252C8246F700A3D4D5 /* PBXTargetDependency */ = {
			isa = PBXTargetDependency;
			target = F297B5122C8246F500A3D4D5 /* Pong App */;
			targetProxy = F297B5242C8246F700A3D4D5 /* PBXContainerItemProxy */;
		};
		F297B52F2C8246F700A3D4D5 /* PBXTargetDependency */ = {
			isa = PBXTargetDependency;
			target = F297B5122C8246F500A3D4D5 /* Pong App */;
			targetProxy = F297B52E2C8246F700A3D4D5 /* PBXContainerItemProxy */;
		};
/* End PBXTargetDependency section */

/* Begin XCBuildConfiguration section */
		F297B5352C8246F700A3D4D5 /* Debug */ = {
			isa = XCBuildConfiguration;
			buildSettings = {
				ALWAYS_SEARCH_USER_PATHS = NO;
				ASSETCATALOG_COMPILER_GENERATE_SWIFT_ASSET_SYMBOL_EXTENSIONS = YES;
				CLANG_ANALYZER_NONNULL = YES;
				CLANG_ANALYZER_NUMBER_OBJECT_CONVERSION = YES_AGGRESSIVE;
				CLANG_CXX_LANGUAGE_STANDARD = "gnu++20";
				CLANG_ENABLE_MODULES = YES;
				CLANG_ENABLE_OBJC_ARC = YES;
				CLANG_ENABLE_OBJC_WEAK = YES;
				CLANG_WARN_BLOCK_CAPTURE_AUTORELEASING = YES;
				CLANG_WARN_BOOL_CONVERSION = YES;
				CLANG_WARN_COMMA = YES;
				CLANG_WARN_CONSTANT_CONVERSION = YES;
				CLANG_WARN_DEPRECATED_OBJC_IMPLEMENTATIONS = YES;
				CLANG_WARN_DIRECT_OBJC_ISA_USAGE = YES_ERROR;
				CLANG_WARN_DOCUMENTATION_COMMENTS = YES;
				CLANG_WARN_EMPTY_BODY = YES;
				CLANG_WARN_ENUM_CONVERSION = YES;
				CLANG_WARN_INFINITE_RECURSION = YES;
				CLANG_WARN_INT_CONVERSION = YES;
				CLANG_WARN_NON_LITERAL_NULL_CONVERSION = YES;
				CLANG_WARN_OBJC_IMPLICIT_RETAIN_SELF = YES;
				CLANG_WARN_OBJC_LITERAL_CONVERSION = YES;
				CLANG_WARN_OBJC_ROOT_CLASS = YES_ERROR;
				CLANG_WARN_QUOTED_INCLUDE_IN_FRAMEWORK_HEADER = YES;
				CLANG_WARN_RANGE_LOOP_ANALYSIS = YES;
				CLANG_WARN_STRICT_PROTOTYPES = YES;
				CLANG_WARN_SUSPICIOUS_MOVE = YES;
				CLANG_WARN_UNGUARDED_AVAILABILITY = YES_AGGRESSIVE;
				CLANG_WARN_UNREACHABLE_CODE = YES;
				CLANG_WARN__DUPLICATE_METHOD_MATCH = YES;
				COPY_PHASE_STRIP = NO;
				DEBUG_INFORMATION_FORMAT = dwarf;
				ENABLE_STRICT_OBJC_MSGSEND = YES;
				ENABLE_TESTABILITY = YES;
				ENABLE_USER_SCRIPT_SANDBOXING = YES;
				GCC_C_LANGUAGE_STANDARD = gnu17;
				GCC_DYNAMIC_NO_PIC = NO;
				GCC_NO_COMMON_BLOCKS = YES;
				GCC_OPTIMIZATION_LEVEL = 0;
				GCC_PREPROCESSOR_DEFINITIONS = (
					"DEBUG=1",
					"$(inherited)",
				);
				GCC_WARN_64_TO_32_BIT_CONVERSION = YES;
				GCC_WARN_ABOUT_RETURN_TYPE = YES_ERROR;
				GCC_WARN_UNDECLARED_SELECTOR = YES;
				GCC_WARN_UNINITIALIZED_AUTOS = YES_AGGRESSIVE;
				GCC_WARN_UNUSED_FUNCTION = YES;
				GCC_WARN_UNUSED_VARIABLE = YES;
				IPHONEOS_DEPLOYMENT_TARGET = 17.5;
				LOCALIZATION_PREFERS_STRING_CATALOGS = YES;
				MTL_ENABLE_DEBUG_INFO = INCLUDE_SOURCE;
				MTL_FAST_MATH = YES;
				ONLY_ACTIVE_ARCH = YES;
				SDKROOT = iphoneos;
				SWIFT_ACTIVE_COMPILATION_CONDITIONS = "DEBUG $(inherited)";
				SWIFT_OPTIMIZATION_LEVEL = "-Onone";
			};
			name = Debug;
		};
		F297B5362C8246F700A3D4D5 /* Release */ = {
			isa = XCBuildConfiguration;
			buildSettings = {
				ALWAYS_SEARCH_USER_PATHS = NO;
				ASSETCATALOG_COMPILER_GENERATE_SWIFT_ASSET_SYMBOL_EXTENSIONS = YES;
				CLANG_ANALYZER_NONNULL = YES;
				CLANG_ANALYZER_NUMBER_OBJECT_CONVERSION = YES_AGGRESSIVE;
				CLANG_CXX_LANGUAGE_STANDARD = "gnu++20";
				CLANG_ENABLE_MODULES = YES;
				CLANG_ENABLE_OBJC_ARC = YES;
				CLANG_ENABLE_OBJC_WEAK = YES;
				CLANG_WARN_BLOCK_CAPTURE_AUTORELEASING = YES;
				CLANG_WARN_BOOL_CONVERSION = YES;
				CLANG_WARN_COMMA = YES;
				CLANG_WARN_CONSTANT_CONVERSION = YES;
				CLANG_WARN_DEPRECATED_OBJC_IMPLEMENTATIONS = YES;
				CLANG_WARN_DIRECT_OBJC_ISA_USAGE = YES_ERROR;
				CLANG_WARN_DOCUMENTATION_COMMENTS = YES;
				CLANG_WARN_EMPTY_BODY = YES;
				CLANG_WARN_ENUM_CONVERSION = YES;
				CLANG_WARN_INFINITE_RECURSION = YES;
				CLANG_WARN_INT_CONVERSION = YES;
				CLANG_WARN_NON_LITERAL_NULL_CONVERSION = YES;
				CLANG_WARN_OBJC_IMPLICIT_RETAIN_SELF = YES;
				CLANG_WARN_OBJC_LITERAL_CONVERSION = YES;
				CLANG_WARN_OBJC_ROOT_CLASS = YES_ERROR;
				CLANG_WARN_QUOTED_INCLUDE_IN_FRAMEWORK_HEADER = YES;
				CLANG_WARN_RANGE_LOOP_ANALYSIS = YES;
				CLANG_WARN_STRICT_PROTOTYPES = YES;
				CLANG_WARN_SUSPICIOUS_MOVE = YES;
				CLANG_WARN_UNGUARDED_AVAILABILITY = YES_AGGRESSIVE;
				CLANG_WARN_UNREACHABLE_CODE = YES;
				CLANG_WARN__DUPLICATE_METHOD_MATCH = YES;
				COPY_PHASE_STRIP = NO;
				DEBUG_INFORMATION_FORMAT = "dwarf-with-dsym";
				ENABLE_NS_ASSERTIONS = NO;
				ENABLE_STRICT_OBJC_MSGSEND = YES;
				ENABLE_USER_SCRIPT_SANDBOXING = YES;
				GCC_C_LANGUAGE_STANDARD = gnu17;
				GCC_NO_COMMON_BLOCKS = YES;
				GCC_WARN_64_TO_32_BIT_CONVERSION = YES;
				GCC_WARN_ABOUT_RETURN_TYPE = YES_ERROR;
				GCC_WARN_UNDECLARED_SELECTOR = YES;
				GCC_WARN_UNINITIALIZED_AUTOS = YES_AGGRESSIVE;
				GCC_WARN_UNUSED_FUNCTION = YES;
				GCC_WARN_UNUSED_VARIABLE = YES;
				IPHONEOS_DEPLOYMENT_TARGET = 17.5;
				LOCALIZATION_PREFERS_STRING_CATALOGS = YES;
				MTL_ENABLE_DEBUG_INFO = NO;
				MTL_FAST_MATH = YES;
				SDKROOT = iphoneos;
				SWIFT_COMPILATION_MODE = wholemodule;
				VALIDATE_PRODUCT = YES;
			};
			name = Release;
		};
		F297B5382C8246F700A3D4D5 /* Debug */ = {
			isa = XCBuildConfiguration;
			buildSettings = {
				ASSETCATALOG_COMPILER_APPICON_NAME = AppIcon;
				ASSETCATALOG_COMPILER_GLOBAL_ACCENT_COLOR_NAME = AccentColor;
				CODE_SIGN_STYLE = Automatic;
				CURRENT_PROJECT_VERSION = 1;
				DEVELOPMENT_ASSET_PATHS = "\"Pong App/Preview Content\"";
				DEVELOPMENT_TEAM = TBVQRMH3L9;
				ENABLE_PREVIEWS = YES;
				GENERATE_INFOPLIST_FILE = YES;
				INFOPLIST_KEY_UIApplicationSceneManifest_Generation = YES;
				INFOPLIST_KEY_UIApplicationSupportsIndirectInputEvents = YES;
				INFOPLIST_KEY_UILaunchScreen_Generation = YES;
				INFOPLIST_KEY_UISupportedInterfaceOrientations_iPad = "UIInterfaceOrientationPortrait UIInterfaceOrientationPortraitUpsideDown UIInterfaceOrientationLandscapeLeft UIInterfaceOrientationLandscapeRight";
				INFOPLIST_KEY_UISupportedInterfaceOrientations_iPhone = "UIInterfaceOrientationPortrait UIInterfaceOrientationLandscapeLeft UIInterfaceOrientationLandscapeRight";
				LD_RUNPATH_SEARCH_PATHS = (
					"$(inherited)",
					"@executable_path/Frameworks",
				);
				MARKETING_VERSION = 1.0;
				PRODUCT_BUNDLE_IDENTIFIER = "stevan-sehn.Pong-App";
				PRODUCT_NAME = "$(TARGET_NAME)";
				SWIFT_EMIT_LOC_STRINGS = YES;
				SWIFT_VERSION = 5.0;
				TARGETED_DEVICE_FAMILY = "1,2";
			};
			name = Debug;
		};
		F297B5392C8246F700A3D4D5 /* Release */ = {
			isa = XCBuildConfiguration;
			buildSettings = {
				ASSETCATALOG_COMPILER_APPICON_NAME = AppIcon;
				ASSETCATALOG_COMPILER_GLOBAL_ACCENT_COLOR_NAME = AccentColor;
				CODE_SIGN_STYLE = Automatic;
				CURRENT_PROJECT_VERSION = 1;
				DEVELOPMENT_ASSET_PATHS = "\"Pong App/Preview Content\"";
				DEVELOPMENT_TEAM = TBVQRMH3L9;
				ENABLE_PREVIEWS = YES;
				GENERATE_INFOPLIST_FILE = YES;
				INFOPLIST_KEY_UIApplicationSceneManifest_Generation = YES;
				INFOPLIST_KEY_UIApplicationSupportsIndirectInputEvents = YES;
				INFOPLIST_KEY_UILaunchScreen_Generation = YES;
				INFOPLIST_KEY_UISupportedInterfaceOrientations_iPad = "UIInterfaceOrientationPortrait UIInterfaceOrientationPortraitUpsideDown UIInterfaceOrientationLandscapeLeft UIInterfaceOrientationLandscapeRight";
				INFOPLIST_KEY_UISupportedInterfaceOrientations_iPhone = "UIInterfaceOrientationPortrait UIInterfaceOrientationLandscapeLeft UIInterfaceOrientationLandscapeRight";
				LD_RUNPATH_SEARCH_PATHS = (
					"$(inherited)",
					"@executable_path/Frameworks",
				);
				MARKETING_VERSION = 1.0;
				PRODUCT_BUNDLE_IDENTIFIER = "stevan-sehn.Pong-App";
				PRODUCT_NAME = "$(TARGET_NAME)";
				SWIFT_EMIT_LOC_STRINGS = YES;
				SWIFT_VERSION = 5.0;
				TARGETED_DEVICE_FAMILY = "1,2";
			};
			name = Release;
		};
		F297B53B2C8246F700A3D4D5 /* Debug */ = {
			isa = XCBuildConfiguration;
			buildSettings = {
				ALWAYS_EMBED_SWIFT_STANDARD_LIBRARIES = YES;
				BUNDLE_LOADER = "$(TEST_HOST)";
				CODE_SIGN_STYLE = Automatic;
				CURRENT_PROJECT_VERSION = 1;
				DEVELOPMENT_TEAM = TBVQRMH3L9;
				GENERATE_INFOPLIST_FILE = YES;
				IPHONEOS_DEPLOYMENT_TARGET = 17.5;
				MARKETING_VERSION = 1.0;
				PRODUCT_BUNDLE_IDENTIFIER = "stevan-sehn.Pong-AppTests";
				PRODUCT_NAME = "$(TARGET_NAME)";
				SWIFT_EMIT_LOC_STRINGS = NO;
				SWIFT_VERSION = 5.0;
				TARGETED_DEVICE_FAMILY = "1,2";
				TEST_HOST = "$(BUILT_PRODUCTS_DIR)/Pong App.app/$(BUNDLE_EXECUTABLE_FOLDER_PATH)/Pong App";
			};
			name = Debug;
		};
		F297B53C2C8246F700A3D4D5 /* Release */ = {
			isa = XCBuildConfiguration;
			buildSettings = {
				ALWAYS_EMBED_SWIFT_STANDARD_LIBRARIES = YES;
				BUNDLE_LOADER = "$(TEST_HOST)";
				CODE_SIGN_STYLE = Automatic;
				CURRENT_PROJECT_VERSION = 1;
				DEVELOPMENT_TEAM = TBVQRMH3L9;
				GENERATE_INFOPLIST_FILE = YES;
				IPHONEOS_DEPLOYMENT_TARGET = 17.5;
				MARKETING_VERSION = 1.0;
				PRODUCT_BUNDLE_IDENTIFIER = "stevan-sehn.Pong-AppTests";
				PRODUCT_NAME = "$(TARGET_NAME)";
				SWIFT_EMIT_LOC_STRINGS = NO;
				SWIFT_VERSION = 5.0;
				TARGETED_DEVICE_FAMILY = "1,2";
				TEST_HOST = "$(BUILT_PRODUCTS_DIR)/Pong App.app/$(BUNDLE_EXECUTABLE_FOLDER_PATH)/Pong App";
			};
			name = Release;
		};
		F297B53E2C8246F700A3D4D5 /* Debug */ = {
			isa = XCBuildConfiguration;
			buildSettings = {
				ALWAYS_EMBED_SWIFT_STANDARD_LIBRARIES = YES;
				CODE_SIGN_STYLE = Automatic;
				CURRENT_PROJECT_VERSION = 1;
				DEVELOPMENT_TEAM = TBVQRMH3L9;
				GENERATE_INFOPLIST_FILE = YES;
				MARKETING_VERSION = 1.0;
				PRODUCT_BUNDLE_IDENTIFIER = "stevan-sehn.Pong-AppUITests";
				PRODUCT_NAME = "$(TARGET_NAME)";
				SWIFT_EMIT_LOC_STRINGS = NO;
				SWIFT_VERSION = 5.0;
				TARGETED_DEVICE_FAMILY = "1,2";
				TEST_TARGET_NAME = "Pong App";
			};
			name = Debug;
		};
		F297B53F2C8246F700A3D4D5 /* Release */ = {
			isa = XCBuildConfiguration;
			buildSettings = {
				ALWAYS_EMBED_SWIFT_STANDARD_LIBRARIES = YES;
				CODE_SIGN_STYLE = Automatic;
				CURRENT_PROJECT_VERSION = 1;
				DEVELOPMENT_TEAM = TBVQRMH3L9;
				GENERATE_INFOPLIST_FILE = YES;
				MARKETING_VERSION = 1.0;
				PRODUCT_BUNDLE_IDENTIFIER = "stevan-sehn.Pong-AppUITests";
				PRODUCT_NAME = "$(TARGET_NAME)";
				SWIFT_EMIT_LOC_STRINGS = NO;
				SWIFT_VERSION = 5.0;
				TARGETED_DEVICE_FAMILY = "1,2";
				TEST_TARGET_NAME = "Pong App";
			};
			name = Release;
		};
/* End XCBuildConfiguration section */

/* Begin XCConfigurationList section */
		F297B50E2C8246F500A3D4D5 /* Build configuration list for PBXProject "Pong App" */ = {
			isa = XCConfigurationList;
			buildConfigurations = (
				F297B5352C8246F700A3D4D5 /* Debug */,
				F297B5362C8246F700A3D4D5 /* Release */,
			);
			defaultConfigurationIsVisible = 0;
			defaultConfigurationName = Release;
		};
		F297B5372C8246F700A3D4D5 /* Build configuration list for PBXNativeTarget "Pong App" */ = {
			isa = XCConfigurationList;
			buildConfigurations = (
				F297B5382C8246F700A3D4D5 /* Debug */,
				F297B5392C8246F700A3D4D5 /* Release */,
			);
			defaultConfigurationIsVisible = 0;
			defaultConfigurationName = Release;
		};
		F297B53A2C8246F700A3D4D5 /* Build configuration list for PBXNativeTarget "Pong AppTests" */ = {
			isa = XCConfigurationList;
			buildConfigurations = (
				F297B53B2C8246F700A3D4D5 /* Debug */,
				F297B53C2C8246F700A3D4D5 /* Release */,
			);
			defaultConfigurationIsVisible = 0;
			defaultConfigurationName = Release;
		};
		F297B53D2C8246F700A3D4D5 /* Build configuration list for PBXNativeTarget "Pong AppUITests" */ = {
			isa = XCConfigurationList;
			buildConfigurations = (
				F297B53E2C8246F700A3D4D5 /* Debug */,
				F297B53F2C8246F700A3D4D5 /* Release */,
			);
			defaultConfigurationIsVisible = 0;
			defaultConfigurationName = Release;
		};
/* End XCConfigurationList section */
	};
	rootObject = F297B50B2C8246F500A3D4D5 /* Project object */;
}
